
Microsoft Visual Studio Solution File, Format Version 12.00
# Visual Studio Version 17
VisualStudioVersion = 17.7.34031.279
MinimumVisualStudioVersion = 10.0.40219.1
Project("{FAE04EC0-301F-11D3-BF4B-00C04F79EFBC}") = "Projekt dzień 4", "Projekt dzień 4\Projekt dzień 4.csproj", "{5698EC8D-1CD1-4296-A2CD-ECB9761A124B}"
EndProject
Global
	GlobalSection(SolutionConfigurationPlatforms) = preSolution
		Debug|Any CPU = Debug|Any CPU
		Release|Any CPU = Release|Any CPU
	EndGlobalSection
	GlobalSection(ProjectConfigurationPlatforms) = postSolution
		{5698EC8D-1CD1-4296-A2CD-ECB9761A124B}.Debug|Any CPU.ActiveCfg = Debug|Any CPU
		{5698EC8D-1CD1-4296-A2CD-ECB9761A124B}.Debug|Any CPU.Build.0 = Debug|Any CPU
		{5698EC8D-1CD1-4296-A2CD-ECB9761A124B}.Release|Any CPU.ActiveCfg = Release|Any CPU
		{5698EC8D-1CD1-4296-A2CD-ECB9761A124B}.Release|Any CPU.Build.0 = Release|Any CPU
	EndGlobalSection
	GlobalSection(SolutionProperties) = preSolution
		HideSolutionNode = FALSE
	EndGlobalSection
	GlobalSection(ExtensibilityGlobals) = postSolution
		SolutionGuid = {81FDF4A2-B2FC-4908-86D1-99C2D6C24665}
	EndGlobalSection
EndGlobal
